
Microsoft Visual Studio Solution File, Format Version 12.00
# Visual Studio 15
VisualStudioVersion = 15.0.27130.2010
MinimumVisualStudioVersion = 10.0.40219.1
Project("{8BC9CEB8-8B4A-11D0-8D11-00A0C91BC942}") = "test", "test\test.vcxproj", "{F3003096-A331-447F-AB08-55CF3B30C169}"
EndProject
Global
	GlobalSection(SolutionConfigurationPlatforms) = preSolution
		Debug|x64 = Debug|x64
		Debug|x86 = Debug|x86
		Release|x64 = Release|x64
		Release|x86 = Release|x86
	EndGlobalSection
	GlobalSection(ProjectConfigurationPlatforms) = postSolution
		{F3003096-A331-447F-AB08-55CF3B30C169}.Debug|x64.ActiveCfg = Debug|x64
		{F3003096-A331-447F-AB08-55CF3B30C169}.Debug|x64.Build.0 = Debug|x64
		{F3003096-A331-447F-AB08-55CF3B30C169}.Debug|x86.ActiveCfg = Debug|Win32
		{F3003096-A331-447F-AB08-55CF3B30C169}.Debug|x86.Build.0 = Debug|Win32
		{F3003096-A331-447F-AB08-55CF3B30C169}.Release|x64.ActiveCfg = Release|x64
		{F3003096-A331-447F-AB08-55CF3B30C169}.Release|x64.Build.0 = Release|x64
		{F3003096-A331-447F-AB08-55CF3B30C169}.Release|x86.ActiveCfg = Release|Win32
		{F3003096-A331-447F-AB08-55CF3B30C169}.Release|x86.Build.0 = Release|Win32
	EndGlobalSection
	GlobalSection(SolutionProperties) = preSolution
		HideSolutionNode = FALSE
	EndGlobalSection
	GlobalSection(ExtensibilityGlobals) = postSolution
		SolutionGuid = {A56D90FB-976A-4A52-9F2B-393792B13E26}
	EndGlobalSection
EndGlobal
